{
  "version": 4,
  "terraform_version": "0.15.0",
  "serial": 6,
  "lineage": "bc086a8a-0b62-4349-913f-3000f0c5187d",
  "outputs": {},
  "resources": [
    {
      "mode": "data",
      "type": "terraform_remote_state",
      "name": "controller_data",
      "provider": "provider[\"terraform.io/builtin/terraform\"]",
      "instances": [
        {
          "schema_version": 0,
          "attributes": {
            "backend": "local",
            "config": {
              "value": {
                "path": "../controller-bootstrap/terraform.tfstate"
              },
              "type": [
                "object",
                {
                  "path": "string"
                }
              ]
            },
            "defaults": null,
            "outputs": {
              "value": {
                "cloudformation": {
                  "AccountId": "452601979016",
                  "AviatrixControllerEIP": "18.168.95.180",
                  "AviatrixControllerPrivateIP": "10.10.0.244",
                  "AviatrixRoleAppARN": "arn:aws:iam::452601979016:role/aviatrix-role-app",
                  "AviatrixRoleEC2ARN": "arn:aws:iam::452601979016:role/aviatrix-role-ec2"
                }
              },
              "type": [
                "object",
                {
                  "cloudformation": [
                    "map",
                    "string"
                  ]
                }
              ]
            },
            "workspace": null
          },
          "sensitive_attributes": []
        }
      ]
    },
    {
      "mode": "managed",
      "type": "aviatrix_account",
      "name": "aws_account",
      "provider": "provider[\"registry.terraform.io/aviatrixsystems/aviatrix\"]",
      "instances": [
        {
          "schema_version": 0,
          "attributes": {
            "account_name": "AWS_nvermande",
            "arm_application_id": null,
            "arm_application_key": null,
            "arm_directory_id": null,
            "arm_subscription_id": null,
            "aws_access_key": "",
            "aws_account_number": "452601979016",
            "aws_iam": true,
            "aws_role_app": "arn:aws:iam::452601979016:role/aviatrix-role-app",
            "aws_role_ec2": "arn:aws:iam::452601979016:role/aviatrix-role-ec2",
            "aws_secret_key": "",
            "awsgov_access_key": null,
            "awsgov_account_number": null,
            "awsgov_secret_key": null,
            "cloud_type": 1,
            "gcloud_project_credentials_filepath": null,
            "gcloud_project_id": null,
            "id": "AWS_nvermande",
            "oci_api_private_key_filepath": null,
            "oci_compartment_id": null,
            "oci_tenancy_id": null,
            "oci_user_id": null
          },
          "sensitive_attributes": [],
          "private": "bnVsbA==",
          "dependencies": [
            "data.terraform_remote_state.controller_data"
          ]
        }
      ]
    },
    {
      "mode": "managed",
      "type": "aviatrix_account",
      "name": "azure_account",
      "provider": "provider[\"registry.terraform.io/aviatrixsystems/aviatrix\"]",
      "instances": [
        {
          "schema_version": 0,
          "attributes": {
            "account_name": "Azure_nvermande",
            "arm_application_id": "78985bb8-d5bb-46dc-9d96-4425c69728ba",
            "arm_application_key": "1o~7SB9~0OSueBhL3F5H4i7guMg.1~.kJr",
            "arm_directory_id": "4780055e-ce37-4f02-b33d-fdad8493a4b6",
            "arm_subscription_id": "563adfd8-6e40-4a3e-9729-e617c77bc724",
            "aws_access_key": null,
            "aws_account_number": null,
            "aws_iam": null,
            "aws_role_app": null,
            "aws_role_ec2": null,
            "aws_secret_key": null,
            "awsgov_access_key": null,
            "awsgov_account_number": null,
            "awsgov_secret_key": null,
            "cloud_type": 8,
            "gcloud_project_credentials_filepath": null,
            "gcloud_project_id": null,
            "id": "Azure_nvermande",
            "oci_api_private_key_filepath": null,
            "oci_compartment_id": null,
            "oci_tenancy_id": null,
            "oci_user_id": null
          },
          "sensitive_attributes": [],
          "private": "bnVsbA==",
          "dependencies": [
            "data.terraform_remote_state.controller_data"
          ]
        }
      ]
    },
    {
      "mode": "managed",
      "type": "aviatrix_account",
      "name": "gcp_account",
      "provider": "provider[\"registry.terraform.io/aviatrixsystems/aviatrix\"]",
      "instances": [
        {
          "schema_version": 0,
          "attributes": {
            "account_name": "GCP_vfiftyfive",
            "arm_application_id": null,
            "arm_application_key": null,
            "arm_directory_id": null,
            "arm_subscription_id": null,
            "aws_access_key": null,
            "aws_account_number": null,
            "aws_iam": null,
            "aws_role_app": null,
            "aws_role_ec2": null,
            "aws_secret_key": null,
            "awsgov_access_key": null,
            "awsgov_account_number": null,
            "awsgov_secret_key": null,
            "cloud_type": 4,
            "gcloud_project_credentials_filepath": "/Users/nvermande/Documents/Jobs/Aviatrix/PM team/NicoV/GCP/nv-avtx-compute-sa.json",
            "gcloud_project_id": "nv-avtx-compute",
            "id": "GCP_vfiftyfive",
            "oci_api_private_key_filepath": null,
            "oci_compartment_id": null,
            "oci_tenancy_id": null,
            "oci_user_id": null
          },
          "sensitive_attributes": [],
          "private": "bnVsbA==",
          "dependencies": [
            "data.terraform_remote_state.controller_data"
          ]
        }
      ]
    }
  ]
}
